
Microsoft Visual Studio Solution File, Format Version 12.00
Project("{FAE04EC0-301F-11D3-BF4B-00C04F79EFBC}") = "Taller_2_PatronProxy", "Taller_2_PatronProxy\Taller_2_PatronProxy.csproj", "{008312DA-C220-4698-8DF8-5F661B1C698D}"
EndProject
Project("{FAE04EC0-301F-11D3-BF4B-00C04F79EFBC}") = "Server.Models", "Server.Models\Server.Models.csproj", "{AA5DD5BA-5245-49E5-BB92-5F0F21658DD4}"
EndProject
Project("{FAE04EC0-301F-11D3-BF4B-00C04F79EFBC}") = "Server.Proxy", "Server.Proxy\Server.Proxy.csproj", "{620E21CA-BAB0-4E4D-A3C9-CCA543FCE9C3}"
EndProject
Global
	GlobalSection(SolutionConfigurationPlatforms) = preSolution
		Debug|Any CPU = Debug|Any CPU
		Release|Any CPU = Release|Any CPU
	EndGlobalSection
	GlobalSection(ProjectConfigurationPlatforms) = postSolution
		{008312DA-C220-4698-8DF8-5F661B1C698D}.Debug|Any CPU.ActiveCfg = Debug|Any CPU
		{008312DA-C220-4698-8DF8-5F661B1C698D}.Debug|Any CPU.Build.0 = Debug|Any CPU
		{008312DA-C220-4698-8DF8-5F661B1C698D}.Release|Any CPU.ActiveCfg = Release|Any CPU
		{008312DA-C220-4698-8DF8-5F661B1C698D}.Release|Any CPU.Build.0 = Release|Any CPU
		{AA5DD5BA-5245-49E5-BB92-5F0F21658DD4}.Debug|Any CPU.ActiveCfg = Debug|Any CPU
		{AA5DD5BA-5245-49E5-BB92-5F0F21658DD4}.Debug|Any CPU.Build.0 = Debug|Any CPU
		{AA5DD5BA-5245-49E5-BB92-5F0F21658DD4}.Release|Any CPU.ActiveCfg = Release|Any CPU
		{AA5DD5BA-5245-49E5-BB92-5F0F21658DD4}.Release|Any CPU.Build.0 = Release|Any CPU
		{620E21CA-BAB0-4E4D-A3C9-CCA543FCE9C3}.Debug|Any CPU.ActiveCfg = Debug|Any CPU
		{620E21CA-BAB0-4E4D-A3C9-CCA543FCE9C3}.Debug|Any CPU.Build.0 = Debug|Any CPU
		{620E21CA-BAB0-4E4D-A3C9-CCA543FCE9C3}.Release|Any CPU.ActiveCfg = Release|Any CPU
		{620E21CA-BAB0-4E4D-A3C9-CCA543FCE9C3}.Release|Any CPU.Build.0 = Release|Any CPU
	EndGlobalSection
EndGlobal
